
Microsoft Visual Studio Solution File, Format Version 12.00
# Visual Studio Version 17
VisualStudioVersion = 17.9.34714.143
MinimumVisualStudioVersion = 10.0.40219.1
Project("{FAE04EC0-301F-11D3-BF4B-00C04F79EFBC}") = "EntityLayer", "Entities\EntityLayer.csproj", "{560AEEAA-118C-42F3-98E6-C5D39C9E5668}"
EndProject
Project("{FAE04EC0-301F-11D3-BF4B-00C04F79EFBC}") = "DataAccessLayer", "DataAccessLayer\DataAccessLayer.csproj", "{B58767AF-AECC-4EFF-B142-F5EB2DC7D0A3}"
EndProject
Global
	GlobalSection(SolutionConfigurationPlatforms) = preSolution
		Debug|Any CPU = Debug|Any CPU
		Release|Any CPU = Release|Any CPU
	EndGlobalSection
	GlobalSection(ProjectConfigurationPlatforms) = postSolution
		{560AEEAA-118C-42F3-98E6-C5D39C9E5668}.Debug|Any CPU.ActiveCfg = Debug|Any CPU
		{560AEEAA-118C-42F3-98E6-C5D39C9E5668}.Debug|Any CPU.Build.0 = Debug|Any CPU
		{560AEEAA-118C-42F3-98E6-C5D39C9E5668}.Release|Any CPU.ActiveCfg = Release|Any CPU
		{560AEEAA-118C-42F3-98E6-C5D39C9E5668}.Release|Any CPU.Build.0 = Release|Any CPU
		{B58767AF-AECC-4EFF-B142-F5EB2DC7D0A3}.Debug|Any CPU.ActiveCfg = Debug|Any CPU
		{B58767AF-AECC-4EFF-B142-F5EB2DC7D0A3}.Debug|Any CPU.Build.0 = Debug|Any CPU
		{B58767AF-AECC-4EFF-B142-F5EB2DC7D0A3}.Release|Any CPU.ActiveCfg = Release|Any CPU
		{B58767AF-AECC-4EFF-B142-F5EB2DC7D0A3}.Release|Any CPU.Build.0 = Release|Any CPU
	EndGlobalSection
	GlobalSection(SolutionProperties) = preSolution
		HideSolutionNode = FALSE
	EndGlobalSection
	GlobalSection(ExtensibilityGlobals) = postSolution
		SolutionGuid = {064723F9-5242-4E33-AD44-8D93E6095942}
	EndGlobalSection
EndGlobal
